
Microsoft Visual Studio Solution File, Format Version 12.00
Project("{FAE04EC0-301F-11D3-BF4B-00C04F79EFBC}") = "EnglishApplication.Api", "EnglishApplication.Api\EnglishApplication.Api.csproj", "{A3FB729F-1F4D-4406-B21C-FBCAB7619665}"
EndProject
Project("{FAE04EC0-301F-11D3-BF4B-00C04F79EFBC}") = "EnglishApplication.Domain", "EnglishApplication.Domain\EnglishApplication.Domain.csproj", "{622EDDFD-6D11-4C7A-999E-F6EE3C953127}"
EndProject
Project("{FAE04EC0-301F-11D3-BF4B-00C04F79EFBC}") = "EnglishApplication.Infrastructure", "EnglishApplication.Infrastructure\EnglishApplication.Infrastructure.csproj", "{D0D17B89-6507-4D57-9C26-2C4216352071}"
EndProject
Project("{FAE04EC0-301F-11D3-BF4B-00C04F79EFBC}") = "EnglishApplication.Application", "EnglishApplication.Application\EnglishApplication.Application.csproj", "{F3834BF8-4B93-42D3-81B9-036EC76D5CD9}"
EndProject
Global
	GlobalSection(SolutionConfigurationPlatforms) = preSolution
		Debug|Any CPU = Debug|Any CPU
		Release|Any CPU = Release|Any CPU
	EndGlobalSection
	GlobalSection(ProjectConfigurationPlatforms) = postSolution
		{A3FB729F-1F4D-4406-B21C-FBCAB7619665}.Debug|Any CPU.ActiveCfg = Debug|Any CPU
		{A3FB729F-1F4D-4406-B21C-FBCAB7619665}.Debug|Any CPU.Build.0 = Debug|Any CPU
		{A3FB729F-1F4D-4406-B21C-FBCAB7619665}.Release|Any CPU.ActiveCfg = Release|Any CPU
		{A3FB729F-1F4D-4406-B21C-FBCAB7619665}.Release|Any CPU.Build.0 = Release|Any CPU
		{622EDDFD-6D11-4C7A-999E-F6EE3C953127}.Debug|Any CPU.ActiveCfg = Debug|Any CPU
		{622EDDFD-6D11-4C7A-999E-F6EE3C953127}.Debug|Any CPU.Build.0 = Debug|Any CPU
		{622EDDFD-6D11-4C7A-999E-F6EE3C953127}.Release|Any CPU.ActiveCfg = Release|Any CPU
		{622EDDFD-6D11-4C7A-999E-F6EE3C953127}.Release|Any CPU.Build.0 = Release|Any CPU
		{D0D17B89-6507-4D57-9C26-2C4216352071}.Debug|Any CPU.ActiveCfg = Debug|Any CPU
		{D0D17B89-6507-4D57-9C26-2C4216352071}.Debug|Any CPU.Build.0 = Debug|Any CPU
		{D0D17B89-6507-4D57-9C26-2C4216352071}.Release|Any CPU.ActiveCfg = Release|Any CPU
		{D0D17B89-6507-4D57-9C26-2C4216352071}.Release|Any CPU.Build.0 = Release|Any CPU
		{F3834BF8-4B93-42D3-81B9-036EC76D5CD9}.Debug|Any CPU.ActiveCfg = Debug|Any CPU
		{F3834BF8-4B93-42D3-81B9-036EC76D5CD9}.Debug|Any CPU.Build.0 = Debug|Any CPU
		{F3834BF8-4B93-42D3-81B9-036EC76D5CD9}.Release|Any CPU.ActiveCfg = Release|Any CPU
		{F3834BF8-4B93-42D3-81B9-036EC76D5CD9}.Release|Any CPU.Build.0 = Release|Any CPU
	EndGlobalSection
EndGlobal
